// !$*UTF8*$!
{
	archiveVersion = 1;
	classes = {
	};
	objectVersion = 56;
	objects = {

/* Begin PBXBuildFile section */
		9D6D81DD2B07282E00C84C0A /* WriteViewController.swift in Sources */ = {isa = PBXBuildFile; fileRef = 9D6D81DC2B07282E00C84C0A /* WriteViewController.swift */; };
		9D86CEE52B0218A20036CA62 /* TableViewController.swift in Sources */ = {isa = PBXBuildFile; fileRef = 9D86CEE42B0218A20036CA62 /* TableViewController.swift */; };
		9DA6F8852B01E2CF0063CBE3 /* RegisterViewController.swift in Sources */ = {isa = PBXBuildFile; fileRef = 9DA6F8842B01E2CF0063CBE3 /* RegisterViewController.swift */; };
		9DA6F8872B0205310063CBE3 /* ClearBtnExtension.swift in Sources */ = {isa = PBXBuildFile; fileRef = 9DA6F8862B0205310063CBE3 /* ClearBtnExtension.swift */; };
		9DAD22EF2B05DDD600A47100 /* Userinfo.xcdatamodeld in Sources */ = {isa = PBXBuildFile; fileRef = 9DAD22ED2B05DDD600A47100 /* Userinfo.xcdatamodeld */; };
		9DAD230D2B05F2B800A47100 /* DiaryViewController.swift in Sources */ = {isa = PBXBuildFile; fileRef = 9DAD230C2B05F2B800A47100 /* DiaryViewController.swift */; };
		9DAD23112B05FE6F00A47100 /* MyTableViewCell.swift in Sources */ = {isa = PBXBuildFile; fileRef = 9DAD23102B05FE6F00A47100 /* MyTableViewCell.swift */; };
		9DAD23132B06021400A47100 /* DetailViewController.swift in Sources */ = {isa = PBXBuildFile; fileRef = 9DAD23122B06021400A47100 /* DetailViewController.swift */; };
		9DAD23202B060D6D00A47100 /* Diary+CoreDataClass.swift in Sources */ = {isa = PBXBuildFile; fileRef = 9DAD231C2B060D6D00A47100 /* Diary+CoreDataClass.swift */; };
		9DAD23212B060D6D00A47100 /* Diary+CoreDataProperties.swift in Sources */ = {isa = PBXBuildFile; fileRef = 9DAD231D2B060D6D00A47100 /* Diary+CoreDataProperties.swift */; };
		9DAD23222B060D6D00A47100 /* User+CoreDataClass.swift in Sources */ = {isa = PBXBuildFile; fileRef = 9DAD231E2B060D6D00A47100 /* User+CoreDataClass.swift */; };
		9DAD23232B060D6D00A47100 /* User+CoreDataProperties.swift in Sources */ = {isa = PBXBuildFile; fileRef = 9DAD231F2B060D6D00A47100 /* User+CoreDataProperties.swift */; };
		9DB7FC2B2B1037A00001489F /* MyTableViewCell.xib in Resources */ = {isa = PBXBuildFile; fileRef = 9DB7FC2A2B1037A00001489F /* MyTableViewCell.xib */; };
		9DB7FC2D2B1037C90001489F /* Mytableviewcellss.xib in Resources */ = {isa = PBXBuildFile; fileRef = 9DB7FC2C2B1037C90001489F /* Mytableviewcellss.xib */; };
		9DFF19F12B019F9000A96EA7 /* AppDelegate.swift in Sources */ = {isa = PBXBuildFile; fileRef = 9DFF19F02B019F9000A96EA7 /* AppDelegate.swift */; };
		9DFF19F32B019F9000A96EA7 /* SceneDelegate.swift in Sources */ = {isa = PBXBuildFile; fileRef = 9DFF19F22B019F9000A96EA7 /* SceneDelegate.swift */; };
		9DFF19F52B019F9000A96EA7 /* LoginViewController.swift in Sources */ = {isa = PBXBuildFile; fileRef = 9DFF19F42B019F9000A96EA7 /* LoginViewController.swift */; };
		9DFF19F82B019F9000A96EA7 /* Main.storyboard in Resources */ = {isa = PBXBuildFile; fileRef = 9DFF19F62B019F9000A96EA7 /* Main.storyboard */; };
		9DFF19FA2B019F9200A96EA7 /* Assets.xcassets in Resources */ = {isa = PBXBuildFile; fileRef = 9DFF19F92B019F9200A96EA7 /* Assets.xcassets */; };
		9DFF19FD2B019F9200A96EA7 /* LaunchScreen.storyboard in Resources */ = {isa = PBXBuildFile; fileRef = 9DFF19FB2B019F9200A96EA7 /* LaunchScreen.storyboard */; };
/* End PBXBuildFile section */

/* Begin PBXFileReference section */
		9D6D81DC2B07282E00C84C0A /* WriteViewController.swift */ = {isa = PBXFileReference; lastKnownFileType = sourcecode.swift; path = WriteViewController.swift; sourceTree = "<group>"; };
		9D86CEE42B0218A20036CA62 /* TableViewController.swift */ = {isa = PBXFileReference; lastKnownFileType = sourcecode.swift; path = TableViewController.swift; sourceTree = "<group>"; };
		9DA6F8842B01E2CF0063CBE3 /* RegisterViewController.swift */ = {isa = PBXFileReference; lastKnownFileType = sourcecode.swift; path = RegisterViewController.swift; sourceTree = "<group>"; };
		9DA6F8862B0205310063CBE3 /* ClearBtnExtension.swift */ = {isa = PBXFileReference; lastKnownFileType = sourcecode.swift; path = ClearBtnExtension.swift; sourceTree = "<group>"; };
		9DAD22EE2B05DDD600A47100 /* Userinfo.xcdatamodel */ = {isa = PBXFileReference; lastKnownFileType = wrapper.xcdatamodel; path = Userinfo.xcdatamodel; sourceTree = "<group>"; };
		9DAD230C2B05F2B800A47100 /* DiaryViewController.swift */ = {isa = PBXFileReference; lastKnownFileType = sourcecode.swift; path = DiaryViewController.swift; sourceTree = "<group>"; };
		9DAD23102B05FE6F00A47100 /* MyTableViewCell.swift */ = {isa = PBXFileReference; lastKnownFileType = sourcecode.swift; path = MyTableViewCell.swift; sourceTree = "<group>"; };
		9DAD23122B06021400A47100 /* DetailViewController.swift */ = {isa = PBXFileReference; lastKnownFileType = sourcecode.swift; path = DetailViewController.swift; sourceTree = "<group>"; };
		9DAD231C2B060D6D00A47100 /* Diary+CoreDataClass.swift */ = {isa = PBXFileReference; lastKnownFileType = sourcecode.swift; path = "Diary+CoreDataClass.swift"; sourceTree = "<group>"; };
		9DAD231D2B060D6D00A47100 /* Diary+CoreDataProperties.swift */ = {isa = PBXFileReference; lastKnownFileType = sourcecode.swift; path = "Diary+CoreDataProperties.swift"; sourceTree = "<group>"; };
		9DAD231E2B060D6D00A47100 /* User+CoreDataClass.swift */ = {isa = PBXFileReference; lastKnownFileType = sourcecode.swift; path = "User+CoreDataClass.swift"; sourceTree = "<group>"; };
		9DAD231F2B060D6D00A47100 /* User+CoreDataProperties.swift */ = {isa = PBXFileReference; lastKnownFileType = sourcecode.swift; path = "User+CoreDataProperties.swift"; sourceTree = "<group>"; };
		9DB7FC2A2B1037A00001489F /* MyTableViewCell.xib */ = {isa = PBXFileReference; fileEncoding = 4; lastKnownFileType = file.xib; name = MyTableViewCell.xib; path = ../../../../../.Trash/MyTableViewCell.xib; sourceTree = "<group>"; };
		9DB7FC2C2B1037C90001489F /* Mytableviewcellss.xib */ = {isa = PBXFileReference; lastKnownFileType = file.xib; path = Mytableviewcellss.xib; sourceTree = "<group>"; };
		9DFF19ED2B019F9000A96EA7 /* MyFistApp.app */ = {isa = PBXFileReference; explicitFileType = wrapper.application; includeInIndex = 0; path = MyFistApp.app; sourceTree = BUILT_PRODUCTS_DIR; };
		9DFF19F02B019F9000A96EA7 /* AppDelegate.swift */ = {isa = PBXFileReference; lastKnownFileType = sourcecode.swift; path = AppDelegate.swift; sourceTree = "<group>"; };
		9DFF19F22B019F9000A96EA7 /* SceneDelegate.swift */ = {isa = PBXFileReference; lastKnownFileType = sourcecode.swift; path = SceneDelegate.swift; sourceTree = "<group>"; };
		9DFF19F42B019F9000A96EA7 /* LoginViewController.swift */ = {isa = PBXFileReference; lastKnownFileType = sourcecode.swift; path = LoginViewController.swift; sourceTree = "<group>"; };
		9DFF19F72B019F9000A96EA7 /* Base */ = {isa = PBXFileReference; lastKnownFileType = file.storyboard; name = Base; path = Base.lproj/Main.storyboard; sourceTree = "<group>"; };
		9DFF19F92B019F9200A96EA7 /* Assets.xcassets */ = {isa = PBXFileReference; lastKnownFileType = folder.assetcatalog; path = Assets.xcassets; sourceTree = "<group>"; };
		9DFF19FC2B019F9200A96EA7 /* Base */ = {isa = PBXFileReference; lastKnownFileType = file.storyboard; name = Base; path = Base.lproj/LaunchScreen.storyboard; sourceTree = "<group>"; };
		9DFF19FE2B019F9200A96EA7 /* Info.plist */ = {isa = PBXFileReference; lastKnownFileType = text.plist.xml; path = Info.plist; sourceTree = "<group>"; };
/* End PBXFileReference section */

/* Begin PBXFrameworksBuildPhase section */
		9DFF19EA2B019F9000A96EA7 /* Frameworks */ = {
			isa = PBXFrameworksBuildPhase;
			buildActionMask = 2147483647;
			files = (
			);
			runOnlyForDeploymentPostprocessing = 0;
		};
/* End PBXFrameworksBuildPhase section */

/* Begin PBXGroup section */
		9DA6F8832B01E2A80063CBE3 /* Controllers */ = {
			isa = PBXGroup;
			children = (
				9DFF19F42B019F9000A96EA7 /* LoginViewController.swift */,
				9DA6F8842B01E2CF0063CBE3 /* RegisterViewController.swift */,
				9D86CEE42B0218A20036CA62 /* TableViewController.swift */,
				9DAD230C2B05F2B800A47100 /* DiaryViewController.swift */,
				9DAD23122B06021400A47100 /* DetailViewController.swift */,
				9D6D81DC2B07282E00C84C0A /* WriteViewController.swift */,
			);
			path = Controllers;
			sourceTree = "<group>";
		};
		9DFF19E42B019F9000A96EA7 = {
			isa = PBXGroup;
			children = (
				9DAD231C2B060D6D00A47100 /* Diary+CoreDataClass.swift */,
				9DAD231D2B060D6D00A47100 /* Diary+CoreDataProperties.swift */,
				9DAD231E2B060D6D00A47100 /* User+CoreDataClass.swift */,
				9DAD231F2B060D6D00A47100 /* User+CoreDataProperties.swift */,
				9DFF19EF2B019F9000A96EA7 /* MyFistApp */,
				9DFF19EE2B019F9000A96EA7 /* Products */,
			);
			sourceTree = "<group>";
		};
		9DFF19EE2B019F9000A96EA7 /* Products */ = {
			isa = PBXGroup;
			children = (
				9DFF19ED2B019F9000A96EA7 /* MyFistApp.app */,
			);
			name = Products;
			sourceTree = "<group>";
		};
		9DFF19EF2B019F9000A96EA7 /* MyFistApp */ = {
			isa = PBXGroup;
			children = (
				9DA6F8832B01E2A80063CBE3 /* Controllers */,
				9DFF19F02B019F9000A96EA7 /* AppDelegate.swift */,
				9DFF19F22B019F9000A96EA7 /* SceneDelegate.swift */,
				9DA6F8862B0205310063CBE3 /* ClearBtnExtension.swift */,
				9DFF19F62B019F9000A96EA7 /* Main.storyboard */,
				9DFF19FB2B019F9200A96EA7 /* LaunchScreen.storyboard */,
				9DB7FC2A2B1037A00001489F /* MyTableViewCell.xib */,
				9DAD23102B05FE6F00A47100 /* MyTableViewCell.swift */,
				9DFF19F92B019F9200A96EA7 /* Assets.xcassets */,
				9DFF19FE2B019F9200A96EA7 /* Info.plist */,
				9DAD22ED2B05DDD600A47100 /* Userinfo.xcdatamodeld */,
				9DB7FC2C2B1037C90001489F /* Mytableviewcellss.xib */,
			);
			path = MyFistApp;
			sourceTree = "<group>";
		};
/* End PBXGroup section */

/* Begin PBXNativeTarget section */
		9DFF19EC2B019F9000A96EA7 /* MyFistApp */ = {
			isa = PBXNativeTarget;
			buildConfigurationList = 9DFF1A012B019F9200A96EA7 /* Build configuration list for PBXNativeTarget "MyFistApp" */;
			buildPhases = (
				9DFF19E92B019F9000A96EA7 /* Sources */,
				9DFF19EA2B019F9000A96EA7 /* Frameworks */,
				9DFF19EB2B019F9000A96EA7 /* Resources */,
			);
			buildRules = (
			);
			dependencies = (
			);
			name = MyFistApp;
			productName = MyFistApp;
			productReference = 9DFF19ED2B019F9000A96EA7 /* MyFistApp.app */;
			productType = "com.apple.product-type.application";
		};
/* End PBXNativeTarget section */

/* Begin PBXProject section */
		9DFF19E52B019F9000A96EA7 /* Project object */ = {
			isa = PBXProject;
			attributes = {
				BuildIndependentTargetsInParallel = 1;
				LastSwiftUpdateCheck = 1500;
				LastUpgradeCheck = 1500;
				TargetAttributes = {
					9DFF19EC2B019F9000A96EA7 = {
						CreatedOnToolsVersion = 15.0.1;
					};
				};
			};
			buildConfigurationList = 9DFF19E82B019F9000A96EA7 /* Build configuration list for PBXProject "MyFistApp" */;
			compatibilityVersion = "Xcode 14.0";
			developmentRegion = en;
			hasScannedForEncodings = 0;
			knownRegions = (
				en,
				Base,
			);
			mainGroup = 9DFF19E42B019F9000A96EA7;
			productRefGroup = 9DFF19EE2B019F9000A96EA7 /* Products */;
			projectDirPath = "";
			projectRoot = "";
			targets = (
				9DFF19EC2B019F9000A96EA7 /* MyFistApp */,
			);
		};
/* End PBXProject section */

/* Begin PBXResourcesBuildPhase section */
		9DFF19EB2B019F9000A96EA7 /* Resources */ = {
			isa = PBXResourcesBuildPhase;
			buildActionMask = 2147483647;
			files = (
				9DB7FC2B2B1037A00001489F /* MyTableViewCell.xib in Resources */,
				9DFF19FD2B019F9200A96EA7 /* LaunchScreen.storyboard in Resources */,
				9DFF19FA2B019F9200A96EA7 /* Assets.xcassets in Resources */,
				9DB7FC2D2B1037C90001489F /* Mytableviewcellss.xib in Resources */,
				9DFF19F82B019F9000A96EA7 /* Main.storyboard in Resources */,
			);
			runOnlyForDeploymentPostprocessing = 0;
		};
/* End PBXResourcesBuildPhase section */

/* Begin PBXSourcesBuildPhase section */
		9DFF19E92B019F9000A96EA7 /* Sources */ = {
			isa = PBXSourcesBuildPhase;
			buildActionMask = 2147483647;
			files = (
				9DFF19F52B019F9000A96EA7 /* LoginViewController.swift in Sources */,
				9D86CEE52B0218A20036CA62 /* TableViewController.swift in Sources */,
				9DFF19F12B019F9000A96EA7 /* AppDelegate.swift in Sources */,
				9D6D81DD2B07282E00C84C0A /* WriteViewController.swift in Sources */,
				9DAD23222B060D6D00A47100 /* User+CoreDataClass.swift in Sources */,
				9DAD230D2B05F2B800A47100 /* DiaryViewController.swift in Sources */,
				9DAD23112B05FE6F00A47100 /* MyTableViewCell.swift in Sources */,
				9DAD22EF2B05DDD600A47100 /* Userinfo.xcdatamodeld in Sources */,
				9DFF19F32B019F9000A96EA7 /* SceneDelegate.swift in Sources */,
				9DA6F8852B01E2CF0063CBE3 /* RegisterViewController.swift in Sources */,
				9DA6F8872B0205310063CBE3 /* ClearBtnExtension.swift in Sources */,
				9DAD23232B060D6D00A47100 /* User+CoreDataProperties.swift in Sources */,
				9DAD23212B060D6D00A47100 /* Diary+CoreDataProperties.swift in Sources */,
				9DAD23132B06021400A47100 /* DetailViewController.swift in Sources */,
				9DAD23202B060D6D00A47100 /* Diary+CoreDataClass.swift in Sources */,
			);
			runOnlyForDeploymentPostprocessing = 0;
		};
/* End PBXSourcesBuildPhase section */

/* Begin PBXVariantGroup section */
		9DFF19F62B019F9000A96EA7 /* Main.storyboard */ = {
			isa = PBXVariantGroup;
			children = (
				9DFF19F72B019F9000A96EA7 /* Base */,
			);
			name = Main.storyboard;
			sourceTree = "<group>";
		};
		9DFF19FB2B019F9200A96EA7 /* LaunchScreen.storyboard */ = {
			isa = PBXVariantGroup;
			children = (
				9DFF19FC2B019F9200A96EA7 /* Base */,
			);
			name = LaunchScreen.storyboard;
			sourceTree = "<group>";
		};
/* End PBXVariantGroup section */

/* Begin XCBuildConfiguration section */
		9DFF19FF2B019F9200A96EA7 /* Debug */ = {
			isa = XCBuildConfiguration;
			buildSettings = {
				ALWAYS_SEARCH_USER_PATHS = NO;
				ASSETCATALOG_COMPILER_GENERATE_SWIFT_ASSET_SYMBOL_EXTENSIONS = YES;
				CLANG_ANALYZER_NONNULL = YES;
				CLANG_ANALYZER_NUMBER_OBJECT_CONVERSION = YES_AGGRESSIVE;
				CLANG_CXX_LANGUAGE_STANDARD = "gnu++20";
				CLANG_ENABLE_MODULES = YES;
				CLANG_ENABLE_OBJC_ARC = YES;
				CLANG_ENABLE_OBJC_WEAK = YES;
				CLANG_WARN_BLOCK_CAPTURE_AUTORELEASING = YES;
				CLANG_WARN_BOOL_CONVERSION = YES;
				CLANG_WARN_COMMA = YES;
				CLANG_WARN_CONSTANT_CONVERSION = YES;
				CLANG_WARN_DEPRECATED_OBJC_IMPLEMENTATIONS = YES;
				CLANG_WARN_DIRECT_OBJC_ISA_USAGE = YES_ERROR;
				CLANG_WARN_DOCUMENTATION_COMMENTS = YES;
				CLANG_WARN_EMPTY_BODY = YES;
				CLANG_WARN_ENUM_CONVERSION = YES;
				CLANG_WARN_INFINITE_RECURSION = YES;
				CLANG_WARN_INT_CONVERSION = YES;
				CLANG_WARN_NON_LITERAL_NULL_CONVERSION = YES;
				CLANG_WARN_OBJC_IMPLICIT_RETAIN_SELF = YES;
				CLANG_WARN_OBJC_LITERAL_CONVERSION = YES;
				CLANG_WARN_OBJC_ROOT_CLASS = YES_ERROR;
				CLANG_WARN_QUOTED_INCLUDE_IN_FRAMEWORK_HEADER = YES;
				CLANG_WARN_RANGE_LOOP_ANALYSIS = YES;
				CLANG_WARN_STRICT_PROTOTYPES = YES;
				CLANG_WARN_SUSPICIOUS_MOVE = YES;
				CLANG_WARN_UNGUARDED_AVAILABILITY = YES_AGGRESSIVE;
				CLANG_WARN_UNREACHABLE_CODE = YES;
				CLANG_WARN__DUPLICATE_METHOD_MATCH = YES;
				COPY_PHASE_STRIP = NO;
				DEBUG_INFORMATION_FORMAT = dwarf;
				ENABLE_STRICT_OBJC_MSGSEND = YES;
				ENABLE_TESTABILITY = YES;
				ENABLE_USER_SCRIPT_SANDBOXING = YES;
				GCC_C_LANGUAGE_STANDARD = gnu17;
				GCC_DYNAMIC_NO_PIC = NO;
				GCC_NO_COMMON_BLOCKS = YES;
				GCC_OPTIMIZATION_LEVEL = 0;
				GCC_PREPROCESSOR_DEFINITIONS = (
					"DEBUG=1",
					"$(inherited)",
				);
				GCC_WARN_64_TO_32_BIT_CONVERSION = YES;
				GCC_WARN_ABOUT_RETURN_TYPE = YES_ERROR;
				GCC_WARN_UNDECLARED_SELECTOR = YES;
				GCC_WARN_UNINITIALIZED_AUTOS = YES_AGGRESSIVE;
				GCC_WARN_UNUSED_FUNCTION = YES;
				GCC_WARN_UNUSED_VARIABLE = YES;
				INFOPLIST_KEY_CFBundleDisplayName = "나의 하루일기";
				IPHONEOS_DEPLOYMENT_TARGET = 13.0;
				LOCALIZATION_PREFERS_STRING_CATALOGS = YES;
				MTL_ENABLE_DEBUG_INFO = INCLUDE_SOURCE;
				MTL_FAST_MATH = YES;
				ONLY_ACTIVE_ARCH = YES;
				SDKROOT = iphoneos;
				SWIFT_ACTIVE_COMPILATION_CONDITIONS = "DEBUG $(inherited)";
				SWIFT_OPTIMIZATION_LEVEL = "-Onone";
			};
			name = Debug;
		};
		9DFF1A002B019F9200A96EA7 /* Release */ = {
			isa = XCBuildConfiguration;
			buildSettings = {
				ALWAYS_SEARCH_USER_PATHS = NO;
				ASSETCATALOG_COMPILER_GENERATE_SWIFT_ASSET_SYMBOL_EXTENSIONS = YES;
				CLANG_ANALYZER_NONNULL = YES;
				CLANG_ANALYZER_NUMBER_OBJECT_CONVERSION = YES_AGGRESSIVE;
				CLANG_CXX_LANGUAGE_STANDARD = "gnu++20";
				CLANG_ENABLE_MODULES = YES;
				CLANG_ENABLE_OBJC_ARC = YES;
				CLANG_ENABLE_OBJC_WEAK = YES;
				CLANG_WARN_BLOCK_CAPTURE_AUTORELEASING = YES;
				CLANG_WARN_BOOL_CONVERSION = YES;
				CLANG_WARN_COMMA = YES;
				CLANG_WARN_CONSTANT_CONVERSION = YES;
				CLANG_WARN_DEPRECATED_OBJC_IMPLEMENTATIONS = YES;
				CLANG_WARN_DIRECT_OBJC_ISA_USAGE = YES_ERROR;
				CLANG_WARN_DOCUMENTATION_COMMENTS = YES;
				CLANG_WARN_EMPTY_BODY = YES;
				CLANG_WARN_ENUM_CONVERSION = YES;
				CLANG_WARN_INFINITE_RECURSION = YES;
				CLANG_WARN_INT_CONVERSION = YES;
				CLANG_WARN_NON_LITERAL_NULL_CONVERSION = YES;
				CLANG_WARN_OBJC_IMPLICIT_RETAIN_SELF = YES;
				CLANG_WARN_OBJC_LITERAL_CONVERSION = YES;
				CLANG_WARN_OBJC_ROOT_CLASS = YES_ERROR;
				CLANG_WARN_QUOTED_INCLUDE_IN_FRAMEWORK_HEADER = YES;
				CLANG_WARN_RANGE_LOOP_ANALYSIS = YES;
				CLANG_WARN_STRICT_PROTOTYPES = YES;
				CLANG_WARN_SUSPICIOUS_MOVE = YES;
				CLANG_WARN_UNGUARDED_AVAILABILITY = YES_AGGRESSIVE;
				CLANG_WARN_UNREACHABLE_CODE = YES;
				CLANG_WARN__DUPLICATE_METHOD_MATCH = YES;
				COPY_PHASE_STRIP = NO;
				DEBUG_INFORMATION_FORMAT = "dwarf-with-dsym";
				ENABLE_NS_ASSERTIONS = NO;
				ENABLE_STRICT_OBJC_MSGSEND = YES;
				ENABLE_USER_SCRIPT_SANDBOXING = YES;
				GCC_C_LANGUAGE_STANDARD = gnu17;
				GCC_NO_COMMON_BLOCKS = YES;
				GCC_WARN_64_TO_32_BIT_CONVERSION = YES;
				GCC_WARN_ABOUT_RETURN_TYPE = YES_ERROR;
				GCC_WARN_UNDECLARED_SELECTOR = YES;
				GCC_WARN_UNINITIALIZED_AUTOS = YES_AGGRESSIVE;
				GCC_WARN_UNUSED_FUNCTION = YES;
				GCC_WARN_UNUSED_VARIABLE = YES;
				INFOPLIST_KEY_CFBundleDisplayName = "나의 하루일기";
				IPHONEOS_DEPLOYMENT_TARGET = 13.0;
				LOCALIZATION_PREFERS_STRING_CATALOGS = YES;
				MTL_ENABLE_DEBUG_INFO = NO;
				MTL_FAST_MATH = YES;
				SDKROOT = iphoneos;
				SWIFT_COMPILATION_MODE = wholemodule;
				VALIDATE_PRODUCT = YES;
			};
			name = Release;
		};
		9DFF1A022B019F9200A96EA7 /* Debug */ = {
			isa = XCBuildConfiguration;
			buildSettings = {
				ASSETCATALOG_COMPILER_APPICON_NAME = AppIcon;
				ASSETCATALOG_COMPILER_GLOBAL_ACCENT_COLOR_NAME = AccentColor;
				CODE_SIGN_STYLE = Automatic;
				CURRENT_PROJECT_VERSION = 1;
				DEVELOPMENT_TEAM = Z559EY26F8;
				GENERATE_INFOPLIST_FILE = YES;
				INFOPLIST_FILE = MyFistApp/Info.plist;
				INFOPLIST_KEY_UIApplicationSupportsIndirectInputEvents = YES;
				INFOPLIST_KEY_UILaunchStoryboardName = LaunchScreen.storyboard;
				INFOPLIST_KEY_UIMainStoryboardFile = Main;
				INFOPLIST_KEY_UISupportedInterfaceOrientations_iPad = "UIInterfaceOrientationPortrait UIInterfaceOrientationPortraitUpsideDown UIInterfaceOrientationLandscapeLeft UIInterfaceOrientationLandscapeRight";
				INFOPLIST_KEY_UISupportedInterfaceOrientations_iPhone = "UIInterfaceOrientationPortrait UIInterfaceOrientationLandscapeLeft UIInterfaceOrientationLandscapeRight";
				IPHONEOS_DEPLOYMENT_TARGET = 13.0;
				LD_RUNPATH_SEARCH_PATHS = (
					"$(inherited)",
					"@executable_path/Frameworks",
				);
				MARKETING_VERSION = 1.0;
				PRODUCT_BUNDLE_IDENTIFIER = com.yen.MyFistApp;
				PRODUCT_NAME = "$(TARGET_NAME)";
				SWIFT_EMIT_LOC_STRINGS = YES;
				SWIFT_VERSION = 5.0;
				TARGETED_DEVICE_FAMILY = "1,2";
			};
			name = Debug;
		};
		9DFF1A032B019F9200A96EA7 /* Release */ = {
			isa = XCBuildConfiguration;
			buildSettings = {
				ASSETCATALOG_COMPILER_APPICON_NAME = AppIcon;
				ASSETCATALOG_COMPILER_GLOBAL_ACCENT_COLOR_NAME = AccentColor;
				CODE_SIGN_STYLE = Automatic;
				CURRENT_PROJECT_VERSION = 1;
				DEVELOPMENT_TEAM = Z559EY26F8;
				GENERATE_INFOPLIST_FILE = YES;
				INFOPLIST_FILE = MyFistApp/Info.plist;
				INFOPLIST_KEY_UIApplicationSupportsIndirectInputEvents = YES;
				INFOPLIST_KEY_UILaunchStoryboardName = LaunchScreen.storyboard;
				INFOPLIST_KEY_UIMainStoryboardFile = Main;
				INFOPLIST_KEY_UISupportedInterfaceOrientations_iPad = "UIInterfaceOrientationPortrait UIInterfaceOrientationPortraitUpsideDown UIInterfaceOrientationLandscapeLeft UIInterfaceOrientationLandscapeRight";
				INFOPLIST_KEY_UISupportedInterfaceOrientations_iPhone = "UIInterfaceOrientationPortrait UIInterfaceOrientationLandscapeLeft UIInterfaceOrientationLandscapeRight";
				IPHONEOS_DEPLOYMENT_TARGET = 13.0;
				LD_RUNPATH_SEARCH_PATHS = (
					"$(inherited)",
					"@executable_path/Frameworks",
				);
				MARKETING_VERSION = 1.0;
				PRODUCT_BUNDLE_IDENTIFIER = com.yen.MyFistApp;
				PRODUCT_NAME = "$(TARGET_NAME)";
				SWIFT_EMIT_LOC_STRINGS = YES;
				SWIFT_VERSION = 5.0;
				TARGETED_DEVICE_FAMILY = "1,2";
			};
			name = Release;
		};
/* End XCBuildConfiguration section */

/* Begin XCConfigurationList section */
		9DFF19E82B019F9000A96EA7 /* Build configuration list for PBXProject "MyFistApp" */ = {
			isa = XCConfigurationList;
			buildConfigurations = (
				9DFF19FF2B019F9200A96EA7 /* Debug */,
				9DFF1A002B019F9200A96EA7 /* Release */,
			);
			defaultConfigurationIsVisible = 0;
			defaultConfigurationName = Release;
		};
		9DFF1A012B019F9200A96EA7 /* Build configuration list for PBXNativeTarget "MyFistApp" */ = {
			isa = XCConfigurationList;
			buildConfigurations = (
				9DFF1A022B019F9200A96EA7 /* Debug */,
				9DFF1A032B019F9200A96EA7 /* Release */,
			);
			defaultConfigurationIsVisible = 0;
			defaultConfigurationName = Release;
		};
/* End XCConfigurationList section */

/* Begin XCVersionGroup section */
		9DAD22ED2B05DDD600A47100 /* Userinfo.xcdatamodeld */ = {
			isa = XCVersionGroup;
			children = (
				9DAD22EE2B05DDD600A47100 /* Userinfo.xcdatamodel */,
			);
			currentVersion = 9DAD22EE2B05DDD600A47100 /* Userinfo.xcdatamodel */;
			path = Userinfo.xcdatamodeld;
			sourceTree = "<group>";
			versionGroupType = wrapper.xcdatamodel;
		};
/* End XCVersionGroup section */
	};
	rootObject = 9DFF19E52B019F9000A96EA7 /* Project object */;
}
